
Microsoft Visual Studio Solution File, Format Version 12.00
# Visual Studio Version 17
VisualStudioVersion = 17.1.32113.165
MinimumVisualStudioVersion = 10.0.40219.1
Project("{888888A0-9F3D-457C-B088-3A5042F75D52}") = "Runner", "src\Runner\Runner.pyproj", "{81E08CA2-CEEE-4921-9415-EC29455CC804}"
EndProject
Project("{888888A0-9F3D-457C-B088-3A5042F75D52}") = "Plotter", "src\Plotter\Plotter.pyproj", "{15652573-1850-452E-9D90-3ECB6A2A1FDD}"
EndProject
Project("{888888A0-9F3D-457C-B088-3A5042F75D52}") = "HDFWriter", "src\HDFWriter\HDFWriter.pyproj", "{30C10AA0-391E-4CDD-8DA0-5509C23D3DF4}"
EndProject
Project("{8BC9CEB8-8B4A-11D0-8D11-00A0C91BC942}") = "Bindings", "src\Bindings\Bindings.vcxproj", "{3C06EBF8-FAE2-488F-8DC4-79C523861499}"
EndProject
Project("{8BC9CEB8-8B4A-11D0-8D11-00A0C91BC942}") = "hnswlib", "src\hnswlib\hnswlib.vcxproj", "{6F1CD3F8-3267-491B-B71E-6A42D117CFC9}"
EndProject
Project("{8BC9CEB8-8B4A-11D0-8D11-00A0C91BC942}") = "chm", "src\chm\chm.vcxproj", "{68D84696-E0A9-40E4-BB10-706A59DC1C87}"
EndProject
Project("{888888A0-9F3D-457C-B088-3A5042F75D52}") = "DatasetCheck", "src\DatasetCheck\DatasetCheck.pyproj", "{6C5C5890-407A-4326-960F-B18ABC1D42B5}"
EndProject
Global
	GlobalSection(SolutionConfigurationPlatforms) = preSolution
		Debug|Any CPU = Debug|Any CPU
		Debug|x64 = Debug|x64
		Release|Any CPU = Release|Any CPU
		Release|x64 = Release|x64
	EndGlobalSection
	GlobalSection(ProjectConfigurationPlatforms) = postSolution
		{81E08CA2-CEEE-4921-9415-EC29455CC804}.Debug|Any CPU.ActiveCfg = Debug|Any CPU
		{81E08CA2-CEEE-4921-9415-EC29455CC804}.Debug|x64.ActiveCfg = Debug|Any CPU
		{81E08CA2-CEEE-4921-9415-EC29455CC804}.Release|Any CPU.ActiveCfg = Release|Any CPU
		{81E08CA2-CEEE-4921-9415-EC29455CC804}.Release|x64.ActiveCfg = Release|Any CPU
		{15652573-1850-452E-9D90-3ECB6A2A1FDD}.Debug|Any CPU.ActiveCfg = Debug|Any CPU
		{15652573-1850-452E-9D90-3ECB6A2A1FDD}.Debug|x64.ActiveCfg = Debug|Any CPU
		{15652573-1850-452E-9D90-3ECB6A2A1FDD}.Release|Any CPU.ActiveCfg = Release|Any CPU
		{15652573-1850-452E-9D90-3ECB6A2A1FDD}.Release|x64.ActiveCfg = Release|Any CPU
		{30C10AA0-391E-4CDD-8DA0-5509C23D3DF4}.Debug|Any CPU.ActiveCfg = Debug|Any CPU
		{30C10AA0-391E-4CDD-8DA0-5509C23D3DF4}.Debug|x64.ActiveCfg = Debug|Any CPU
		{30C10AA0-391E-4CDD-8DA0-5509C23D3DF4}.Release|Any CPU.ActiveCfg = Release|Any CPU
		{30C10AA0-391E-4CDD-8DA0-5509C23D3DF4}.Release|x64.ActiveCfg = Release|Any CPU
		{3C06EBF8-FAE2-488F-8DC4-79C523861499}.Debug|Any CPU.ActiveCfg = Debug|x64
		{3C06EBF8-FAE2-488F-8DC4-79C523861499}.Debug|Any CPU.Build.0 = Debug|x64
		{3C06EBF8-FAE2-488F-8DC4-79C523861499}.Debug|x64.ActiveCfg = Debug|x64
		{3C06EBF8-FAE2-488F-8DC4-79C523861499}.Debug|x64.Build.0 = Debug|x64
		{3C06EBF8-FAE2-488F-8DC4-79C523861499}.Release|Any CPU.ActiveCfg = Release|x64
		{3C06EBF8-FAE2-488F-8DC4-79C523861499}.Release|Any CPU.Build.0 = Release|x64
		{3C06EBF8-FAE2-488F-8DC4-79C523861499}.Release|x64.ActiveCfg = Release|x64
		{3C06EBF8-FAE2-488F-8DC4-79C523861499}.Release|x64.Build.0 = Release|x64
		{6F1CD3F8-3267-491B-B71E-6A42D117CFC9}.Debug|Any CPU.ActiveCfg = Debug|x64
		{6F1CD3F8-3267-491B-B71E-6A42D117CFC9}.Debug|Any CPU.Build.0 = Debug|x64
		{6F1CD3F8-3267-491B-B71E-6A42D117CFC9}.Debug|x64.ActiveCfg = Debug|x64
		{6F1CD3F8-3267-491B-B71E-6A42D117CFC9}.Debug|x64.Build.0 = Debug|x64
		{6F1CD3F8-3267-491B-B71E-6A42D117CFC9}.Release|Any CPU.ActiveCfg = Release|x64
		{6F1CD3F8-3267-491B-B71E-6A42D117CFC9}.Release|Any CPU.Build.0 = Release|x64
		{6F1CD3F8-3267-491B-B71E-6A42D117CFC9}.Release|x64.ActiveCfg = Release|x64
		{6F1CD3F8-3267-491B-B71E-6A42D117CFC9}.Release|x64.Build.0 = Release|x64
		{68D84696-E0A9-40E4-BB10-706A59DC1C87}.Debug|Any CPU.ActiveCfg = Debug|x64
		{68D84696-E0A9-40E4-BB10-706A59DC1C87}.Debug|Any CPU.Build.0 = Debug|x64
		{68D84696-E0A9-40E4-BB10-706A59DC1C87}.Debug|x64.ActiveCfg = Debug|x64
		{68D84696-E0A9-40E4-BB10-706A59DC1C87}.Debug|x64.Build.0 = Debug|x64
		{68D84696-E0A9-40E4-BB10-706A59DC1C87}.Release|Any CPU.ActiveCfg = Release|x64
		{68D84696-E0A9-40E4-BB10-706A59DC1C87}.Release|Any CPU.Build.0 = Release|x64
		{68D84696-E0A9-40E4-BB10-706A59DC1C87}.Release|x64.ActiveCfg = Release|x64
		{68D84696-E0A9-40E4-BB10-706A59DC1C87}.Release|x64.Build.0 = Release|x64
		{6C5C5890-407A-4326-960F-B18ABC1D42B5}.Debug|Any CPU.ActiveCfg = Debug|Any CPU
		{6C5C5890-407A-4326-960F-B18ABC1D42B5}.Debug|x64.ActiveCfg = Debug|Any CPU
		{6C5C5890-407A-4326-960F-B18ABC1D42B5}.Release|Any CPU.ActiveCfg = Release|Any CPU
		{6C5C5890-407A-4326-960F-B18ABC1D42B5}.Release|x64.ActiveCfg = Release|Any CPU
	EndGlobalSection
	GlobalSection(SolutionProperties) = preSolution
		HideSolutionNode = FALSE
	EndGlobalSection
	GlobalSection(ExtensibilityGlobals) = postSolution
		SolutionGuid = {E7CE5366-D1C6-404A-A499-94E714EB189B}
	EndGlobalSection
EndGlobal
