
Microsoft Visual Studio Solution File, Format Version 12.00
# Visual Studio Version 17
VisualStudioVersion = 17.1.32113.165
MinimumVisualStudioVersion = 10.0.40219.1
Project("{8BC9CEB8-8B4A-11D0-8D11-00A0C91BC942}") = "App", "src\App\App.vcxproj", "{4E872917-EF89-451E-9388-05FCC665B713}"
EndProject
Project("{8BC9CEB8-8B4A-11D0-8D11-00A0C91BC942}") = "hnswlib", "src\hnswlib\hnswlib.vcxproj", "{366B9213-6162-4225-806A-59DB9CF5A246}"
EndProject
Project("{8BC9CEB8-8B4A-11D0-8D11-00A0C91BC942}") = "chm", "src\chm\chm.vcxproj", "{CC17A73D-D135-4B28-A288-82C4C20251E1}"
EndProject
Project("{8BC9CEB8-8B4A-11D0-8D11-00A0C91BC942}") = "Runner", "src\Runner\Runner.vcxproj", "{48195CB1-3850-4E6D-8650-16A02739AF31}"
EndProject
Project("{8BC9CEB8-8B4A-11D0-8D11-00A0C91BC942}") = "HnswlibTest", "src\HnswlibTest\HnswlibTest.vcxproj", "{AFFF736C-1701-4C2E-A0C1-DD97279BF654}"
EndProject
Project("{8BC9CEB8-8B4A-11D0-8D11-00A0C91BC942}") = "IndexLib", "src\IndexLib\IndexLib.vcxproj", "{5714B66E-1A01-4745-867E-6D9215EAE207}"
EndProject
Project("{8BC9CEB8-8B4A-11D0-8D11-00A0C91BC942}") = "IndexModule", "src\IndexModule\IndexModule.vcxproj", "{8A318D27-3270-4AE5-A96B-6D3A557C96EB}"
EndProject
Project("{888888A0-9F3D-457C-B088-3A5042F75D52}") = "PyApp", "src\PyApp\PyApp.pyproj", "{84CE0DE8-DCE0-4295-BE57-AF43ACCD87AA}"
EndProject
Global
	GlobalSection(SolutionConfigurationPlatforms) = preSolution
		Debug|Any CPU = Debug|Any CPU
		Debug|x64 = Debug|x64
		Debug|x86 = Debug|x86
		Release|Any CPU = Release|Any CPU
		Release|x64 = Release|x64
		Release|x86 = Release|x86
	EndGlobalSection
	GlobalSection(ProjectConfigurationPlatforms) = postSolution
		{4E872917-EF89-451E-9388-05FCC665B713}.Debug|Any CPU.ActiveCfg = Debug|x64
		{4E872917-EF89-451E-9388-05FCC665B713}.Debug|Any CPU.Build.0 = Debug|x64
		{4E872917-EF89-451E-9388-05FCC665B713}.Debug|x64.ActiveCfg = Debug|x64
		{4E872917-EF89-451E-9388-05FCC665B713}.Debug|x64.Build.0 = Debug|x64
		{4E872917-EF89-451E-9388-05FCC665B713}.Debug|x86.ActiveCfg = Debug|Win32
		{4E872917-EF89-451E-9388-05FCC665B713}.Debug|x86.Build.0 = Debug|Win32
		{4E872917-EF89-451E-9388-05FCC665B713}.Release|Any CPU.ActiveCfg = Release|x64
		{4E872917-EF89-451E-9388-05FCC665B713}.Release|Any CPU.Build.0 = Release|x64
		{4E872917-EF89-451E-9388-05FCC665B713}.Release|x64.ActiveCfg = Release|x64
		{4E872917-EF89-451E-9388-05FCC665B713}.Release|x64.Build.0 = Release|x64
		{4E872917-EF89-451E-9388-05FCC665B713}.Release|x86.ActiveCfg = Release|Win32
		{4E872917-EF89-451E-9388-05FCC665B713}.Release|x86.Build.0 = Release|Win32
		{366B9213-6162-4225-806A-59DB9CF5A246}.Debug|Any CPU.ActiveCfg = Debug|x64
		{366B9213-6162-4225-806A-59DB9CF5A246}.Debug|Any CPU.Build.0 = Debug|x64
		{366B9213-6162-4225-806A-59DB9CF5A246}.Debug|x64.ActiveCfg = Debug|x64
		{366B9213-6162-4225-806A-59DB9CF5A246}.Debug|x64.Build.0 = Debug|x64
		{366B9213-6162-4225-806A-59DB9CF5A246}.Debug|x86.ActiveCfg = Debug|Win32
		{366B9213-6162-4225-806A-59DB9CF5A246}.Debug|x86.Build.0 = Debug|Win32
		{366B9213-6162-4225-806A-59DB9CF5A246}.Release|Any CPU.ActiveCfg = Release|x64
		{366B9213-6162-4225-806A-59DB9CF5A246}.Release|Any CPU.Build.0 = Release|x64
		{366B9213-6162-4225-806A-59DB9CF5A246}.Release|x64.ActiveCfg = Release|x64
		{366B9213-6162-4225-806A-59DB9CF5A246}.Release|x64.Build.0 = Release|x64
		{366B9213-6162-4225-806A-59DB9CF5A246}.Release|x86.ActiveCfg = Release|Win32
		{366B9213-6162-4225-806A-59DB9CF5A246}.Release|x86.Build.0 = Release|Win32
		{CC17A73D-D135-4B28-A288-82C4C20251E1}.Debug|Any CPU.ActiveCfg = Debug|x64
		{CC17A73D-D135-4B28-A288-82C4C20251E1}.Debug|Any CPU.Build.0 = Debug|x64
		{CC17A73D-D135-4B28-A288-82C4C20251E1}.Debug|x64.ActiveCfg = Debug|x64
		{CC17A73D-D135-4B28-A288-82C4C20251E1}.Debug|x64.Build.0 = Debug|x64
		{CC17A73D-D135-4B28-A288-82C4C20251E1}.Debug|x86.ActiveCfg = Debug|Win32
		{CC17A73D-D135-4B28-A288-82C4C20251E1}.Debug|x86.Build.0 = Debug|Win32
		{CC17A73D-D135-4B28-A288-82C4C20251E1}.Release|Any CPU.ActiveCfg = Release|x64
		{CC17A73D-D135-4B28-A288-82C4C20251E1}.Release|Any CPU.Build.0 = Release|x64
		{CC17A73D-D135-4B28-A288-82C4C20251E1}.Release|x64.ActiveCfg = Release|x64
		{CC17A73D-D135-4B28-A288-82C4C20251E1}.Release|x64.Build.0 = Release|x64
		{CC17A73D-D135-4B28-A288-82C4C20251E1}.Release|x86.ActiveCfg = Release|Win32
		{CC17A73D-D135-4B28-A288-82C4C20251E1}.Release|x86.Build.0 = Release|Win32
		{48195CB1-3850-4E6D-8650-16A02739AF31}.Debug|Any CPU.ActiveCfg = Debug|x64
		{48195CB1-3850-4E6D-8650-16A02739AF31}.Debug|Any CPU.Build.0 = Debug|x64
		{48195CB1-3850-4E6D-8650-16A02739AF31}.Debug|x64.ActiveCfg = Debug|x64
		{48195CB1-3850-4E6D-8650-16A02739AF31}.Debug|x64.Build.0 = Debug|x64
		{48195CB1-3850-4E6D-8650-16A02739AF31}.Debug|x86.ActiveCfg = Debug|Win32
		{48195CB1-3850-4E6D-8650-16A02739AF31}.Debug|x86.Build.0 = Debug|Win32
		{48195CB1-3850-4E6D-8650-16A02739AF31}.Release|Any CPU.ActiveCfg = Release|x64
		{48195CB1-3850-4E6D-8650-16A02739AF31}.Release|Any CPU.Build.0 = Release|x64
		{48195CB1-3850-4E6D-8650-16A02739AF31}.Release|x64.ActiveCfg = Release|x64
		{48195CB1-3850-4E6D-8650-16A02739AF31}.Release|x64.Build.0 = Release|x64
		{48195CB1-3850-4E6D-8650-16A02739AF31}.Release|x86.ActiveCfg = Release|Win32
		{48195CB1-3850-4E6D-8650-16A02739AF31}.Release|x86.Build.0 = Release|Win32
		{AFFF736C-1701-4C2E-A0C1-DD97279BF654}.Debug|Any CPU.ActiveCfg = Debug|x64
		{AFFF736C-1701-4C2E-A0C1-DD97279BF654}.Debug|Any CPU.Build.0 = Debug|x64
		{AFFF736C-1701-4C2E-A0C1-DD97279BF654}.Debug|x64.ActiveCfg = Debug|x64
		{AFFF736C-1701-4C2E-A0C1-DD97279BF654}.Debug|x64.Build.0 = Debug|x64
		{AFFF736C-1701-4C2E-A0C1-DD97279BF654}.Debug|x86.ActiveCfg = Debug|Win32
		{AFFF736C-1701-4C2E-A0C1-DD97279BF654}.Debug|x86.Build.0 = Debug|Win32
		{AFFF736C-1701-4C2E-A0C1-DD97279BF654}.Release|Any CPU.ActiveCfg = Release|x64
		{AFFF736C-1701-4C2E-A0C1-DD97279BF654}.Release|Any CPU.Build.0 = Release|x64
		{AFFF736C-1701-4C2E-A0C1-DD97279BF654}.Release|x64.ActiveCfg = Release|x64
		{AFFF736C-1701-4C2E-A0C1-DD97279BF654}.Release|x64.Build.0 = Release|x64
		{AFFF736C-1701-4C2E-A0C1-DD97279BF654}.Release|x86.ActiveCfg = Release|Win32
		{AFFF736C-1701-4C2E-A0C1-DD97279BF654}.Release|x86.Build.0 = Release|Win32
		{5714B66E-1A01-4745-867E-6D9215EAE207}.Debug|Any CPU.ActiveCfg = Debug|x64
		{5714B66E-1A01-4745-867E-6D9215EAE207}.Debug|Any CPU.Build.0 = Debug|x64
		{5714B66E-1A01-4745-867E-6D9215EAE207}.Debug|x64.ActiveCfg = Debug|x64
		{5714B66E-1A01-4745-867E-6D9215EAE207}.Debug|x64.Build.0 = Debug|x64
		{5714B66E-1A01-4745-867E-6D9215EAE207}.Debug|x86.ActiveCfg = Debug|Win32
		{5714B66E-1A01-4745-867E-6D9215EAE207}.Debug|x86.Build.0 = Debug|Win32
		{5714B66E-1A01-4745-867E-6D9215EAE207}.Release|Any CPU.ActiveCfg = Release|x64
		{5714B66E-1A01-4745-867E-6D9215EAE207}.Release|Any CPU.Build.0 = Release|x64
		{5714B66E-1A01-4745-867E-6D9215EAE207}.Release|x64.ActiveCfg = Release|x64
		{5714B66E-1A01-4745-867E-6D9215EAE207}.Release|x64.Build.0 = Release|x64
		{5714B66E-1A01-4745-867E-6D9215EAE207}.Release|x86.ActiveCfg = Release|Win32
		{5714B66E-1A01-4745-867E-6D9215EAE207}.Release|x86.Build.0 = Release|Win32
		{8A318D27-3270-4AE5-A96B-6D3A557C96EB}.Debug|Any CPU.ActiveCfg = Debug|x64
		{8A318D27-3270-4AE5-A96B-6D3A557C96EB}.Debug|Any CPU.Build.0 = Debug|x64
		{8A318D27-3270-4AE5-A96B-6D3A557C96EB}.Debug|x64.ActiveCfg = Debug|x64
		{8A318D27-3270-4AE5-A96B-6D3A557C96EB}.Debug|x64.Build.0 = Debug|x64
		{8A318D27-3270-4AE5-A96B-6D3A557C96EB}.Debug|x86.ActiveCfg = Debug|x64
		{8A318D27-3270-4AE5-A96B-6D3A557C96EB}.Release|Any CPU.ActiveCfg = Release|x64
		{8A318D27-3270-4AE5-A96B-6D3A557C96EB}.Release|Any CPU.Build.0 = Release|x64
		{8A318D27-3270-4AE5-A96B-6D3A557C96EB}.Release|x64.ActiveCfg = Release|x64
		{8A318D27-3270-4AE5-A96B-6D3A557C96EB}.Release|x64.Build.0 = Release|x64
		{8A318D27-3270-4AE5-A96B-6D3A557C96EB}.Release|x86.ActiveCfg = Release|x64
		{84CE0DE8-DCE0-4295-BE57-AF43ACCD87AA}.Debug|Any CPU.ActiveCfg = Debug|Any CPU
		{84CE0DE8-DCE0-4295-BE57-AF43ACCD87AA}.Debug|x64.ActiveCfg = Debug|Any CPU
		{84CE0DE8-DCE0-4295-BE57-AF43ACCD87AA}.Debug|x86.ActiveCfg = Debug|Any CPU
		{84CE0DE8-DCE0-4295-BE57-AF43ACCD87AA}.Release|Any CPU.ActiveCfg = Release|Any CPU
		{84CE0DE8-DCE0-4295-BE57-AF43ACCD87AA}.Release|x64.ActiveCfg = Release|Any CPU
		{84CE0DE8-DCE0-4295-BE57-AF43ACCD87AA}.Release|x86.ActiveCfg = Release|Any CPU
	EndGlobalSection
	GlobalSection(SolutionProperties) = preSolution
		HideSolutionNode = FALSE
	EndGlobalSection
	GlobalSection(ExtensibilityGlobals) = postSolution
		SolutionGuid = {E7CE5366-D1C6-404A-A499-94E714EB189B}
	EndGlobalSection
EndGlobal
